
Microsoft Visual Studio Solution File, Format Version 12.00
# Visual Studio 2012
Project("{FAE04EC0-301F-11D3-BF4B-00C04F79EFBC}") = "Server", "Server\Server.csproj", "{40B00D54-50E4-4278-9CD8-F01A925AA149}"
EndProject
Project("{FAE04EC0-301F-11D3-BF4B-00C04F79EFBC}") = "WindowsFormsClient", "WindowsFormsClient\WindowsFormsClient.csproj", "{A90AFF90-A589-47F3-874F-B67FD3A1E472}"
EndProject
Project("{2150E333-8FDC-42A3-9474-1A3956D46DE8}") = ".nuget", ".nuget", "{61A8E97C-943D-48B6-8B16-BF4532DFCE67}"
	ProjectSection(SolutionItems) = preProject
		.nuget\NuGet.Config = .nuget\NuGet.Config
		.nuget\NuGet.exe = .nuget\NuGet.exe
		.nuget\NuGet.targets = .nuget\NuGet.targets
	EndProjectSection
EndProject
Project("{FAE04EC0-301F-11D3-BF4B-00C04F79EFBC}") = "WebClient", "WebClient\WebClient.csproj", "{C4129177-545A-45FB-B3A6-E515F629DC76}"
EndProject
Global
	GlobalSection(SolutionConfigurationPlatforms) = preSolution
		Debug|Any CPU = Debug|Any CPU
		Release|Any CPU = Release|Any CPU
	EndGlobalSection
	GlobalSection(ProjectConfigurationPlatforms) = postSolution
		{40B00D54-50E4-4278-9CD8-F01A925AA149}.Debug|Any CPU.ActiveCfg = Debug|Any CPU
		{40B00D54-50E4-4278-9CD8-F01A925AA149}.Debug|Any CPU.Build.0 = Debug|Any CPU
		{40B00D54-50E4-4278-9CD8-F01A925AA149}.Release|Any CPU.ActiveCfg = Release|Any CPU
		{40B00D54-50E4-4278-9CD8-F01A925AA149}.Release|Any CPU.Build.0 = Release|Any CPU
		{A90AFF90-A589-47F3-874F-B67FD3A1E472}.Debug|Any CPU.ActiveCfg = Debug|Any CPU
		{A90AFF90-A589-47F3-874F-B67FD3A1E472}.Debug|Any CPU.Build.0 = Debug|Any CPU
		{A90AFF90-A589-47F3-874F-B67FD3A1E472}.Release|Any CPU.ActiveCfg = Release|Any CPU
		{A90AFF90-A589-47F3-874F-B67FD3A1E472}.Release|Any CPU.Build.0 = Release|Any CPU
		{C4129177-545A-45FB-B3A6-E515F629DC76}.Debug|Any CPU.ActiveCfg = Debug|Any CPU
		{C4129177-545A-45FB-B3A6-E515F629DC76}.Debug|Any CPU.Build.0 = Debug|Any CPU
		{C4129177-545A-45FB-B3A6-E515F629DC76}.Release|Any CPU.ActiveCfg = Release|Any CPU
		{C4129177-545A-45FB-B3A6-E515F629DC76}.Release|Any CPU.Build.0 = Release|Any CPU
	EndGlobalSection
	GlobalSection(SolutionProperties) = preSolution
		HideSolutionNode = FALSE
	EndGlobalSection
EndGlobal
