
Microsoft Visual Studio Solution File, Format Version 12.00
# Visual Studio 2012
Project("{FAE04EC0-301F-11D3-BF4B-00C04F79EFBC}") = "Datagrid", "Datagrid\Datagrid.csproj", "{F91CE075-34EA-4C19-AFA1-CA41E6035E81}"
EndProject
Project("{2150E333-8FDC-42A3-9474-1A3956D46DE8}") = ".nuget", ".nuget", "{DBDC2914-869D-4397-BE56-49E63A270EDB}"
	ProjectSection(SolutionItems) = preProject
		.nuget\NuGet.Config = .nuget\NuGet.Config
		.nuget\NuGet.exe = .nuget\NuGet.exe
		.nuget\NuGet.targets = .nuget\NuGet.targets
	EndProjectSection
EndProject
Global
	GlobalSection(SolutionConfigurationPlatforms) = preSolution
		Debug|Any CPU = Debug|Any CPU
		Release|Any CPU = Release|Any CPU
	EndGlobalSection
	GlobalSection(ProjectConfigurationPlatforms) = postSolution
		{F91CE075-34EA-4C19-AFA1-CA41E6035E81}.Debug|Any CPU.ActiveCfg = Debug|Any CPU
		{F91CE075-34EA-4C19-AFA1-CA41E6035E81}.Debug|Any CPU.Build.0 = Debug|Any CPU
		{F91CE075-34EA-4C19-AFA1-CA41E6035E81}.Release|Any CPU.ActiveCfg = Release|Any CPU
		{F91CE075-34EA-4C19-AFA1-CA41E6035E81}.Release|Any CPU.Build.0 = Release|Any CPU
	EndGlobalSection
	GlobalSection(SolutionProperties) = preSolution
		HideSolutionNode = FALSE
	EndGlobalSection
EndGlobal
